
Microsoft Visual Studio Solution File, Format Version 12.00
# Visual Studio Version 17
VisualStudioVersion = 17.13.35931.197 d17.13
MinimumVisualStudioVersion = 10.0.40219.1
Project("{FAE04EC0-301F-11D3-BF4B-00C04F79EFBC}") = "VehicleFactory", "VehicleFactory\VehicleFactory.csproj", "{6301AB25-E54F-49DB-BDCD-44BF226D627B}"
EndProject
Global
	GlobalSection(SolutionConfigurationPlatforms) = preSolution
		Debug|Any CPU = Debug|Any CPU
		Release|Any CPU = Release|Any CPU
	EndGlobalSection
	GlobalSection(ProjectConfigurationPlatforms) = postSolution
		{6301AB25-E54F-49DB-BDCD-44BF226D627B}.Debug|Any CPU.ActiveCfg = Debug|Any CPU
		{6301AB25-E54F-49DB-BDCD-44BF226D627B}.Debug|Any CPU.Build.0 = Debug|Any CPU
		{6301AB25-E54F-49DB-BDCD-44BF226D627B}.Release|Any CPU.ActiveCfg = Release|Any CPU
		{6301AB25-E54F-49DB-BDCD-44BF226D627B}.Release|Any CPU.Build.0 = Release|Any CPU
	EndGlobalSection
	GlobalSection(SolutionProperties) = preSolution
		HideSolutionNode = FALSE
	EndGlobalSection
	GlobalSection(ExtensibilityGlobals) = postSolution
		SolutionGuid = {58FB8D01-DA81-49A6-BCFE-A7D0149F7175}
	EndGlobalSection
EndGlobal
